
Microsoft Visual Studio Solution File, Format Version 12.00
# Visual Studio Version 16
VisualStudioVersion = 16.0.30225.117
MinimumVisualStudioVersion = 10.0.40219.1
Project("{FAE04EC0-301F-11D3-BF4B-00C04F79EFBC}") = "Blackjack", "Blackjack\Blackjack.csproj", "{01574ED1-6DCF-45BA-862B-6C687D81DB8C}"
EndProject
Project("{FAE04EC0-301F-11D3-BF4B-00C04F79EFBC}") = "Server", "Server\Server.csproj", "{28F78CD8-00ED-4C97-B51E-653D089059B5}"
EndProject
Project("{FAE04EC0-301F-11D3-BF4B-00C04F79EFBC}") = "Packet", "Packet\Packet.csproj", "{9F45873B-007A-479B-8E2B-98532F1E3172}"
EndProject
Global
	GlobalSection(SolutionConfigurationPlatforms) = preSolution
		Debug|Any CPU = Debug|Any CPU
		Release|Any CPU = Release|Any CPU
	EndGlobalSection
	GlobalSection(ProjectConfigurationPlatforms) = postSolution
		{01574ED1-6DCF-45BA-862B-6C687D81DB8C}.Debug|Any CPU.ActiveCfg = Debug|Any CPU
		{01574ED1-6DCF-45BA-862B-6C687D81DB8C}.Debug|Any CPU.Build.0 = Debug|Any CPU
		{01574ED1-6DCF-45BA-862B-6C687D81DB8C}.Release|Any CPU.ActiveCfg = Release|Any CPU
		{01574ED1-6DCF-45BA-862B-6C687D81DB8C}.Release|Any CPU.Build.0 = Release|Any CPU
		{28F78CD8-00ED-4C97-B51E-653D089059B5}.Debug|Any CPU.ActiveCfg = Debug|Any CPU
		{28F78CD8-00ED-4C97-B51E-653D089059B5}.Debug|Any CPU.Build.0 = Debug|Any CPU
		{28F78CD8-00ED-4C97-B51E-653D089059B5}.Release|Any CPU.ActiveCfg = Release|Any CPU
		{28F78CD8-00ED-4C97-B51E-653D089059B5}.Release|Any CPU.Build.0 = Release|Any CPU
		{9F45873B-007A-479B-8E2B-98532F1E3172}.Debug|Any CPU.ActiveCfg = Debug|Any CPU
		{9F45873B-007A-479B-8E2B-98532F1E3172}.Debug|Any CPU.Build.0 = Debug|Any CPU
		{9F45873B-007A-479B-8E2B-98532F1E3172}.Release|Any CPU.ActiveCfg = Release|Any CPU
		{9F45873B-007A-479B-8E2B-98532F1E3172}.Release|Any CPU.Build.0 = Release|Any CPU
	EndGlobalSection
	GlobalSection(SolutionProperties) = preSolution
		HideSolutionNode = FALSE
	EndGlobalSection
	GlobalSection(ExtensibilityGlobals) = postSolution
		SolutionGuid = {9E13ACAE-3A14-4A4F-965D-2BDC74F72BB7}
	EndGlobalSection
EndGlobal
