
Microsoft Visual Studio Solution File, Format Version 12.00
# Visual Studio Version 16
VisualStudioVersion = 16.0.30225.117
MinimumVisualStudioVersion = 10.0.40219.1
Project("{FAE04EC0-301F-11D3-BF4B-00C04F79EFBC}") = "Marble Game", "Marble Game\Marble Game.csproj", "{C6E662B7-F758-4789-A1B0-F4346A4BFD7E}"
	ProjectSection(ProjectDependencies) = postProject
		{91196FAC-53F5-4B8A-BE3E-FE66A2FAEF6C} = {91196FAC-53F5-4B8A-BE3E-FE66A2FAEF6C}
	EndProjectSection
EndProject
Project("{FAE04EC0-301F-11D3-BF4B-00C04F79EFBC}") = "DLL", "DLL\DLL.csproj", "{91196FAC-53F5-4B8A-BE3E-FE66A2FAEF6C}"
EndProject
Project("{FAE04EC0-301F-11D3-BF4B-00C04F79EFBC}") = "Clickly", "Clickly\Clickly.csproj", "{93D9A726-B8B0-4D0E-8C6D-B91F253DC7D9}"
EndProject
Global
	GlobalSection(SolutionConfigurationPlatforms) = preSolution
		Debug|Any CPU = Debug|Any CPU
		Release|Any CPU = Release|Any CPU
	EndGlobalSection
	GlobalSection(ProjectConfigurationPlatforms) = postSolution
		{C6E662B7-F758-4789-A1B0-F4346A4BFD7E}.Debug|Any CPU.ActiveCfg = Debug|Any CPU
		{C6E662B7-F758-4789-A1B0-F4346A4BFD7E}.Debug|Any CPU.Build.0 = Debug|Any CPU
		{C6E662B7-F758-4789-A1B0-F4346A4BFD7E}.Release|Any CPU.ActiveCfg = Release|Any CPU
		{C6E662B7-F758-4789-A1B0-F4346A4BFD7E}.Release|Any CPU.Build.0 = Release|Any CPU
		{91196FAC-53F5-4B8A-BE3E-FE66A2FAEF6C}.Debug|Any CPU.ActiveCfg = Debug|Any CPU
		{91196FAC-53F5-4B8A-BE3E-FE66A2FAEF6C}.Debug|Any CPU.Build.0 = Debug|Any CPU
		{91196FAC-53F5-4B8A-BE3E-FE66A2FAEF6C}.Release|Any CPU.ActiveCfg = Release|Any CPU
		{91196FAC-53F5-4B8A-BE3E-FE66A2FAEF6C}.Release|Any CPU.Build.0 = Release|Any CPU
		{93D9A726-B8B0-4D0E-8C6D-B91F253DC7D9}.Debug|Any CPU.ActiveCfg = Debug|Any CPU
		{93D9A726-B8B0-4D0E-8C6D-B91F253DC7D9}.Debug|Any CPU.Build.0 = Debug|Any CPU
		{93D9A726-B8B0-4D0E-8C6D-B91F253DC7D9}.Release|Any CPU.ActiveCfg = Release|Any CPU
		{93D9A726-B8B0-4D0E-8C6D-B91F253DC7D9}.Release|Any CPU.Build.0 = Release|Any CPU
	EndGlobalSection
	GlobalSection(SolutionProperties) = preSolution
		HideSolutionNode = FALSE
	EndGlobalSection
	GlobalSection(ExtensibilityGlobals) = postSolution
		SolutionGuid = {11498F0A-41BA-49F7-80D4-67D835213965}
	EndGlobalSection
EndGlobal
